
Microsoft Visual Studio Solution File, Format Version 12.00
# Visual Studio 15
VisualStudioVersion = 15.0.28107.0
MinimumVisualStudioVersion = 10.0.40219.1
Project("{FAE04EC0-301F-11D3-BF4B-00C04F79EFBC}") = "ObITwahn.Trinity.Services.Web", "ObITwahn.Trinity.Services.Web\ObITwahn.Trinity.Services.Web.csproj", "{38C36064-6310-4FEA-AEAC-53BBA5BCA6F8}"
EndProject
Global
	GlobalSection(SolutionConfigurationPlatforms) = preSolution
		Debug|Any CPU = Debug|Any CPU
		Release|Any CPU = Release|Any CPU
	EndGlobalSection
	GlobalSection(ProjectConfigurationPlatforms) = postSolution
		{38C36064-6310-4FEA-AEAC-53BBA5BCA6F8}.Debug|Any CPU.ActiveCfg = Debug|Any CPU
		{38C36064-6310-4FEA-AEAC-53BBA5BCA6F8}.Debug|Any CPU.Build.0 = Debug|Any CPU
		{38C36064-6310-4FEA-AEAC-53BBA5BCA6F8}.Release|Any CPU.ActiveCfg = Release|Any CPU
		{38C36064-6310-4FEA-AEAC-53BBA5BCA6F8}.Release|Any CPU.Build.0 = Release|Any CPU
	EndGlobalSection
	GlobalSection(SolutionProperties) = preSolution
		HideSolutionNode = FALSE
	EndGlobalSection
	GlobalSection(ExtensibilityGlobals) = postSolution
		SolutionGuid = {3E9684F3-6B03-4954-9EEC-BC416BFF300D}
	EndGlobalSection
EndGlobal
